
Microsoft Visual Studio Solution File, Format Version 12.00
# Visual Studio Version 17
VisualStudioVersion = 17.7.34024.191
MinimumVisualStudioVersion = 10.0.40219.1
Project("{FAE04EC0-301F-11D3-BF4B-00C04F79EFBC}") = "ID Verification_3", "ID Verification_3\ID Verification_3.csproj", "{FC7767A3-16C7-4EBD-B0D6-C133B216F260}"
EndProject
Global
	GlobalSection(SolutionConfigurationPlatforms) = preSolution
		Debug|Any CPU = Debug|Any CPU
		Release|Any CPU = Release|Any CPU
	EndGlobalSection
	GlobalSection(ProjectConfigurationPlatforms) = postSolution
		{FC7767A3-16C7-4EBD-B0D6-C133B216F260}.Debug|Any CPU.ActiveCfg = Debug|Any CPU
		{FC7767A3-16C7-4EBD-B0D6-C133B216F260}.Debug|Any CPU.Build.0 = Debug|Any CPU
		{FC7767A3-16C7-4EBD-B0D6-C133B216F260}.Release|Any CPU.ActiveCfg = Release|Any CPU
		{FC7767A3-16C7-4EBD-B0D6-C133B216F260}.Release|Any CPU.Build.0 = Release|Any CPU
	EndGlobalSection
	GlobalSection(SolutionProperties) = preSolution
		HideSolutionNode = FALSE
	EndGlobalSection
	GlobalSection(ExtensibilityGlobals) = postSolution
		SolutionGuid = {1E3C3D18-DC72-4B5A-94B9-32E04BA6BE47}
	EndGlobalSection
EndGlobal
